// !$*UTF8*$!
{
	archiveVersion = 1;
	classes = {
	};
	objectVersion = 55;
	objects = {

/* Begin PBXBuildFile section */
		5002023628A920C4002BEDE0 /* AppDelegate.swift in Sources */ = {isa = PBXBuildFile; fileRef = 5002023528A920C4002BEDE0 /* AppDelegate.swift */; };
		5002023828A920C4002BEDE0 /* SceneDelegate.swift in Sources */ = {isa = PBXBuildFile; fileRef = 5002023728A920C4002BEDE0 /* SceneDelegate.swift */; };
		5002023A28A920C4002BEDE0 /* ViewController.swift in Sources */ = {isa = PBXBuildFile; fileRef = 5002023928A920C4002BEDE0 /* ViewController.swift */; };
		5002023D28A920C4002BEDE0 /* Main.storyboard in Resources */ = {isa = PBXBuildFile; fileRef = 5002023B28A920C4002BEDE0 /* Main.storyboard */; };
		5002023F28A920C5002BEDE0 /* Assets.xcassets in Resources */ = {isa = PBXBuildFile; fileRef = 5002023E28A920C5002BEDE0 /* Assets.xcassets */; };
		5002024228A920C5002BEDE0 /* LaunchScreen.storyboard in Resources */ = {isa = PBXBuildFile; fileRef = 5002024028A920C5002BEDE0 /* LaunchScreen.storyboard */; };
		5002024D28A920C5002BEDE0 /* RealLastTests.swift in Sources */ = {isa = PBXBuildFile; fileRef = 5002024C28A920C5002BEDE0 /* RealLastTests.swift */; };
		5002025728A920C5002BEDE0 /* RealLastUITests.swift in Sources */ = {isa = PBXBuildFile; fileRef = 5002025628A920C5002BEDE0 /* RealLastUITests.swift */; };
		5002025928A920C5002BEDE0 /* RealLastUITestsLaunchTests.swift in Sources */ = {isa = PBXBuildFile; fileRef = 5002025828A920C5002BEDE0 /* RealLastUITestsLaunchTests.swift */; };
		5002025D28A920C5002BEDE0 /* RealLast WatchKit App.app in Embed Watch Content */ = {isa = PBXBuildFile; fileRef = 5002025C28A920C5002BEDE0 /* RealLast WatchKit App.app */; settings = {ATTRIBUTES = (RemoveHeadersOnCopy, ); }; };
		5002026328A920C5002BEDE0 /* Interface.storyboard in Resources */ = {isa = PBXBuildFile; fileRef = 5002026128A920C5002BEDE0 /* Interface.storyboard */; };
		5002026528A920C5002BEDE0 /* Assets.xcassets in Resources */ = {isa = PBXBuildFile; fileRef = 5002026428A920C5002BEDE0 /* Assets.xcassets */; };
		5002026B28A920C5002BEDE0 /* RealLast WatchKit Extension.appex in Embed App Extensions */ = {isa = PBXBuildFile; fileRef = 5002026A28A920C5002BEDE0 /* RealLast WatchKit Extension.appex */; settings = {ATTRIBUTES = (RemoveHeadersOnCopy, ); }; };
		5002027028A920C5002BEDE0 /* InterfaceController.swift in Sources */ = {isa = PBXBuildFile; fileRef = 5002026F28A920C5002BEDE0 /* InterfaceController.swift */; };
		5002027228A920C5002BEDE0 /* ExtensionDelegate.swift in Sources */ = {isa = PBXBuildFile; fileRef = 5002027128A920C5002BEDE0 /* ExtensionDelegate.swift */; };
		5002027428A920C5002BEDE0 /* NotificationController.swift in Sources */ = {isa = PBXBuildFile; fileRef = 5002027328A920C5002BEDE0 /* NotificationController.swift */; };
		5002027628A920C5002BEDE0 /* ComplicationController.swift in Sources */ = {isa = PBXBuildFile; fileRef = 5002027528A920C5002BEDE0 /* ComplicationController.swift */; };
		5002027828A920C6002BEDE0 /* Assets.xcassets in Resources */ = {isa = PBXBuildFile; fileRef = 5002027728A920C6002BEDE0 /* Assets.xcassets */; };
		5002028428A920C6002BEDE0 /* RealLast_WatchKit_AppTests.swift in Sources */ = {isa = PBXBuildFile; fileRef = 5002028328A920C6002BEDE0 /* RealLast_WatchKit_AppTests.swift */; };
		5002028E28A920C6002BEDE0 /* RealLast_WatchKit_AppUITests.swift in Sources */ = {isa = PBXBuildFile; fileRef = 5002028D28A920C6002BEDE0 /* RealLast_WatchKit_AppUITests.swift */; };
		5002029028A920C6002BEDE0 /* RealLast_WatchKit_AppUITestsLaunchTests.swift in Sources */ = {isa = PBXBuildFile; fileRef = 5002028F28A920C6002BEDE0 /* RealLast_WatchKit_AppUITestsLaunchTests.swift */; };
		502FC86C28A93DFC003D0DE7 /* HealthKit.framework in Frameworks */ = {isa = PBXBuildFile; fileRef = 502FC86B28A93DFC003D0DE7 /* HealthKit.framework */; };
/* End PBXBuildFile section */

/* Begin PBXContainerItemProxy section */
		5002024928A920C5002BEDE0 /* PBXContainerItemProxy */ = {
			isa = PBXContainerItemProxy;
			containerPortal = 5002022A28A920C4002BEDE0 /* Project object */;
			proxyType = 1;
			remoteGlobalIDString = 5002023128A920C4002BEDE0;
			remoteInfo = RealLast;
		};
		5002025328A920C5002BEDE0 /* PBXContainerItemProxy */ = {
			isa = PBXContainerItemProxy;
			containerPortal = 5002022A28A920C4002BEDE0 /* Project object */;
			proxyType = 1;
			remoteGlobalIDString = 5002023128A920C4002BEDE0;
			remoteInfo = RealLast;
		};
		5002025E28A920C5002BEDE0 /* PBXContainerItemProxy */ = {
			isa = PBXContainerItemProxy;
			containerPortal = 5002022A28A920C4002BEDE0 /* Project object */;
			proxyType = 1;
			remoteGlobalIDString = 5002025B28A920C5002BEDE0;
			remoteInfo = "RealLast WatchKit App";
		};
		5002026C28A920C5002BEDE0 /* PBXContainerItemProxy */ = {
			isa = PBXContainerItemProxy;
			containerPortal = 5002022A28A920C4002BEDE0 /* Project object */;
			proxyType = 1;
			remoteGlobalIDString = 5002026928A920C5002BEDE0;
			remoteInfo = "RealLast WatchKit Extension";
		};
		5002028028A920C6002BEDE0 /* PBXContainerItemProxy */ = {
			isa = PBXContainerItemProxy;
			containerPortal = 5002022A28A920C4002BEDE0 /* Project object */;
			proxyType = 1;
			remoteGlobalIDString = 5002026928A920C5002BEDE0;
			remoteInfo = "RealLast WatchKit Extension";
		};
		5002028A28A920C6002BEDE0 /* PBXContainerItemProxy */ = {
			isa = PBXContainerItemProxy;
			containerPortal = 5002022A28A920C4002BEDE0 /* Project object */;
			proxyType = 1;
			remoteGlobalIDString = 5002025B28A920C5002BEDE0;
			remoteInfo = "RealLast WatchKit App";
		};
/* End PBXContainerItemProxy section */

/* Begin PBXCopyFilesBuildPhase section */
		5002029628A920C6002BEDE0 /* Embed App Extensions */ = {
			isa = PBXCopyFilesBuildPhase;
			buildActionMask = 2147483647;
			dstPath = "";
			dstSubfolderSpec = 13;
			files = (
				5002026B28A920C5002BEDE0 /* RealLast WatchKit Extension.appex in Embed App Extensions */,
			);
			name = "Embed App Extensions";
			runOnlyForDeploymentPostprocessing = 0;
		};
		5002029A28A920C6002BEDE0 /* Embed Watch Content */ = {
			isa = PBXCopyFilesBuildPhase;
			buildActionMask = 2147483647;
			dstPath = "$(CONTENTS_FOLDER_PATH)/Watch";
			dstSubfolderSpec = 16;
			files = (
				5002025D28A920C5002BEDE0 /* RealLast WatchKit App.app in Embed Watch Content */,
			);
			name = "Embed Watch Content";
			runOnlyForDeploymentPostprocessing = 0;
		};
/* End PBXCopyFilesBuildPhase section */

/* Begin PBXFileReference section */
		5002023228A920C4002BEDE0 /* RealLast.app */ = {isa = PBXFileReference; explicitFileType = wrapper.application; includeInIndex = 0; path = RealLast.app; sourceTree = BUILT_PRODUCTS_DIR; };
		5002023528A920C4002BEDE0 /* AppDelegate.swift */ = {isa = PBXFileReference; lastKnownFileType = sourcecode.swift; path = AppDelegate.swift; sourceTree = "<group>"; };
		5002023728A920C4002BEDE0 /* SceneDelegate.swift */ = {isa = PBXFileReference; lastKnownFileType = sourcecode.swift; path = SceneDelegate.swift; sourceTree = "<group>"; };
		5002023928A920C4002BEDE0 /* ViewController.swift */ = {isa = PBXFileReference; lastKnownFileType = sourcecode.swift; path = ViewController.swift; sourceTree = "<group>"; };
		5002023C28A920C4002BEDE0 /* Base */ = {isa = PBXFileReference; lastKnownFileType = file.storyboard; name = Base; path = Base.lproj/Main.storyboard; sourceTree = "<group>"; };
		5002023E28A920C5002BEDE0 /* Assets.xcassets */ = {isa = PBXFileReference; lastKnownFileType = folder.assetcatalog; path = Assets.xcassets; sourceTree = "<group>"; };
		5002024128A920C5002BEDE0 /* Base */ = {isa = PBXFileReference; lastKnownFileType = file.storyboard; name = Base; path = Base.lproj/LaunchScreen.storyboard; sourceTree = "<group>"; };
		5002024328A920C5002BEDE0 /* Info.plist */ = {isa = PBXFileReference; lastKnownFileType = text.plist.xml; path = Info.plist; sourceTree = "<group>"; };
		5002024828A920C5002BEDE0 /* RealLastTests.xctest */ = {isa = PBXFileReference; explicitFileType = wrapper.cfbundle; includeInIndex = 0; path = RealLastTests.xctest; sourceTree = BUILT_PRODUCTS_DIR; };
		5002024C28A920C5002BEDE0 /* RealLastTests.swift */ = {isa = PBXFileReference; lastKnownFileType = sourcecode.swift; path = RealLastTests.swift; sourceTree = "<group>"; };
		5002025228A920C5002BEDE0 /* RealLastUITests.xctest */ = {isa = PBXFileReference; explicitFileType = wrapper.cfbundle; includeInIndex = 0; path = RealLastUITests.xctest; sourceTree = BUILT_PRODUCTS_DIR; };
		5002025628A920C5002BEDE0 /* RealLastUITests.swift */ = {isa = PBXFileReference; lastKnownFileType = sourcecode.swift; path = RealLastUITests.swift; sourceTree = "<group>"; };
		5002025828A920C5002BEDE0 /* RealLastUITestsLaunchTests.swift */ = {isa = PBXFileReference; lastKnownFileType = sourcecode.swift; path = RealLastUITestsLaunchTests.swift; sourceTree = "<group>"; };
		5002025C28A920C5002BEDE0 /* RealLast WatchKit App.app */ = {isa = PBXFileReference; explicitFileType = wrapper.application; includeInIndex = 0; path = "RealLast WatchKit App.app"; sourceTree = BUILT_PRODUCTS_DIR; };
		5002026228A920C5002BEDE0 /* Base */ = {isa = PBXFileReference; lastKnownFileType = file.storyboard; name = Base; path = Base.lproj/Interface.storyboard; sourceTree = "<group>"; };
		5002026428A920C5002BEDE0 /* Assets.xcassets */ = {isa = PBXFileReference; lastKnownFileType = folder.assetcatalog; path = Assets.xcassets; sourceTree = "<group>"; };
		5002026A28A920C5002BEDE0 /* RealLast WatchKit Extension.appex */ = {isa = PBXFileReference; explicitFileType = "wrapper.app-extension"; includeInIndex = 0; path = "RealLast WatchKit Extension.appex"; sourceTree = BUILT_PRODUCTS_DIR; };
		5002026F28A920C5002BEDE0 /* InterfaceController.swift */ = {isa = PBXFileReference; lastKnownFileType = sourcecode.swift; path = InterfaceController.swift; sourceTree = "<group>"; };
		5002027128A920C5002BEDE0 /* ExtensionDelegate.swift */ = {isa = PBXFileReference; lastKnownFileType = sourcecode.swift; path = ExtensionDelegate.swift; sourceTree = "<group>"; };
		5002027328A920C5002BEDE0 /* NotificationController.swift */ = {isa = PBXFileReference; lastKnownFileType = sourcecode.swift; path = NotificationController.swift; sourceTree = "<group>"; };
		5002027528A920C5002BEDE0 /* ComplicationController.swift */ = {isa = PBXFileReference; lastKnownFileType = sourcecode.swift; path = ComplicationController.swift; sourceTree = "<group>"; };
		5002027728A920C6002BEDE0 /* Assets.xcassets */ = {isa = PBXFileReference; lastKnownFileType = folder.assetcatalog; path = Assets.xcassets; sourceTree = "<group>"; };
		5002027928A920C6002BEDE0 /* Info.plist */ = {isa = PBXFileReference; lastKnownFileType = text.plist.xml; path = Info.plist; sourceTree = "<group>"; };
		5002027A28A920C6002BEDE0 /* PushNotificationPayload.apns */ = {isa = PBXFileReference; lastKnownFileType = text; path = PushNotificationPayload.apns; sourceTree = "<group>"; };
		5002027F28A920C6002BEDE0 /* RealLast WatchKit AppTests.xctest */ = {isa = PBXFileReference; explicitFileType = wrapper.cfbundle; includeInIndex = 0; path = "RealLast WatchKit AppTests.xctest"; sourceTree = BUILT_PRODUCTS_DIR; };
		5002028328A920C6002BEDE0 /* RealLast_WatchKit_AppTests.swift */ = {isa = PBXFileReference; lastKnownFileType = sourcecode.swift; path = RealLast_WatchKit_AppTests.swift; sourceTree = "<group>"; };
		5002028928A920C6002BEDE0 /* RealLast WatchKit AppUITests.xctest */ = {isa = PBXFileReference; explicitFileType = wrapper.cfbundle; includeInIndex = 0; path = "RealLast WatchKit AppUITests.xctest"; sourceTree = BUILT_PRODUCTS_DIR; };
		5002028D28A920C6002BEDE0 /* RealLast_WatchKit_AppUITests.swift */ = {isa = PBXFileReference; lastKnownFileType = sourcecode.swift; path = RealLast_WatchKit_AppUITests.swift; sourceTree = "<group>"; };
		5002028F28A920C6002BEDE0 /* RealLast_WatchKit_AppUITestsLaunchTests.swift */ = {isa = PBXFileReference; lastKnownFileType = sourcecode.swift; path = RealLast_WatchKit_AppUITestsLaunchTests.swift; sourceTree = "<group>"; };
		502FC86928A93DFB003D0DE7 /* RealLast WatchKit Extension.entitlements */ = {isa = PBXFileReference; lastKnownFileType = text.plist.entitlements; path = "RealLast WatchKit Extension.entitlements"; sourceTree = "<group>"; };
		502FC86B28A93DFC003D0DE7 /* HealthKit.framework */ = {isa = PBXFileReference; lastKnownFileType = wrapper.framework; name = HealthKit.framework; path = Platforms/WatchOS.platform/Developer/SDKs/WatchOS8.5.sdk/System/Library/Frameworks/HealthKit.framework; sourceTree = DEVELOPER_DIR; };
/* End PBXFileReference section */

/* Begin PBXFrameworksBuildPhase section */
		5002022F28A920C4002BEDE0 /* Frameworks */ = {
			isa = PBXFrameworksBuildPhase;
			buildActionMask = 2147483647;
			files = (
			);
			runOnlyForDeploymentPostprocessing = 0;
		};
		5002024528A920C5002BEDE0 /* Frameworks */ = {
			isa = PBXFrameworksBuildPhase;
			buildActionMask = 2147483647;
			files = (
			);
			runOnlyForDeploymentPostprocessing = 0;
		};
		5002024F28A920C5002BEDE0 /* Frameworks */ = {
			isa = PBXFrameworksBuildPhase;
			buildActionMask = 2147483647;
			files = (
			);
			runOnlyForDeploymentPostprocessing = 0;
		};
		5002026728A920C5002BEDE0 /* Frameworks */ = {
			isa = PBXFrameworksBuildPhase;
			buildActionMask = 2147483647;
			files = (
				502FC86C28A93DFC003D0DE7 /* HealthKit.framework in Frameworks */,
			);
			runOnlyForDeploymentPostprocessing = 0;
		};
		5002027C28A920C6002BEDE0 /* Frameworks */ = {
			isa = PBXFrameworksBuildPhase;
			buildActionMask = 2147483647;
			files = (
			);
			runOnlyForDeploymentPostprocessing = 0;
		};
		5002028628A920C6002BEDE0 /* Frameworks */ = {
			isa = PBXFrameworksBuildPhase;
			buildActionMask = 2147483647;
			files = (
			);
			runOnlyForDeploymentPostprocessing = 0;
		};
/* End PBXFrameworksBuildPhase section */

/* Begin PBXGroup section */
		5002022928A920C4002BEDE0 = {
			isa = PBXGroup;
			children = (
				5002023428A920C4002BEDE0 /* RealLast */,
				5002024B28A920C5002BEDE0 /* RealLastTests */,
				5002025528A920C5002BEDE0 /* RealLastUITests */,
				5002026028A920C5002BEDE0 /* RealLast WatchKit App */,
				5002026E28A920C5002BEDE0 /* RealLast WatchKit Extension */,
				5002028228A920C6002BEDE0 /* RealLast WatchKit AppTests */,
				5002028C28A920C6002BEDE0 /* RealLast WatchKit AppUITests */,
				5002023328A920C4002BEDE0 /* Products */,
				502FC86A28A93DFC003D0DE7 /* Frameworks */,
			);
			sourceTree = "<group>";
		};
		5002023328A920C4002BEDE0 /* Products */ = {
			isa = PBXGroup;
			children = (
				5002023228A920C4002BEDE0 /* RealLast.app */,
				5002024828A920C5002BEDE0 /* RealLastTests.xctest */,
				5002025228A920C5002BEDE0 /* RealLastUITests.xctest */,
				5002025C28A920C5002BEDE0 /* RealLast WatchKit App.app */,
				5002026A28A920C5002BEDE0 /* RealLast WatchKit Extension.appex */,
				5002027F28A920C6002BEDE0 /* RealLast WatchKit AppTests.xctest */,
				5002028928A920C6002BEDE0 /* RealLast WatchKit AppUITests.xctest */,
			);
			name = Products;
			sourceTree = "<group>";
		};
		5002023428A920C4002BEDE0 /* RealLast */ = {
			isa = PBXGroup;
			children = (
				5002023528A920C4002BEDE0 /* AppDelegate.swift */,
				5002023728A920C4002BEDE0 /* SceneDelegate.swift */,
				5002023928A920C4002BEDE0 /* ViewController.swift */,
				5002023B28A920C4002BEDE0 /* Main.storyboard */,
				5002023E28A920C5002BEDE0 /* Assets.xcassets */,
				5002024028A920C5002BEDE0 /* LaunchScreen.storyboard */,
				5002024328A920C5002BEDE0 /* Info.plist */,
			);
			path = RealLast;
			sourceTree = "<group>";
		};
		5002024B28A920C5002BEDE0 /* RealLastTests */ = {
			isa = PBXGroup;
			children = (
				5002024C28A920C5002BEDE0 /* RealLastTests.swift */,
			);
			path = RealLastTests;
			sourceTree = "<group>";
		};
		5002025528A920C5002BEDE0 /* RealLastUITests */ = {
			isa = PBXGroup;
			children = (
				5002025628A920C5002BEDE0 /* RealLastUITests.swift */,
				5002025828A920C5002BEDE0 /* RealLastUITestsLaunchTests.swift */,
			);
			path = RealLastUITests;
			sourceTree = "<group>";
		};
		5002026028A920C5002BEDE0 /* RealLast WatchKit App */ = {
			isa = PBXGroup;
			children = (
				5002026128A920C5002BEDE0 /* Interface.storyboard */,
				5002026428A920C5002BEDE0 /* Assets.xcassets */,
			);
			path = "RealLast WatchKit App";
			sourceTree = "<group>";
		};
		5002026E28A920C5002BEDE0 /* RealLast WatchKit Extension */ = {
			isa = PBXGroup;
			children = (
				502FC86928A93DFB003D0DE7 /* RealLast WatchKit Extension.entitlements */,
				5002026F28A920C5002BEDE0 /* InterfaceController.swift */,
				5002027128A920C5002BEDE0 /* ExtensionDelegate.swift */,
				5002027328A920C5002BEDE0 /* NotificationController.swift */,
				5002027528A920C5002BEDE0 /* ComplicationController.swift */,
				5002027728A920C6002BEDE0 /* Assets.xcassets */,
				5002027928A920C6002BEDE0 /* Info.plist */,
				5002027A28A920C6002BEDE0 /* PushNotificationPayload.apns */,
			);
			path = "RealLast WatchKit Extension";
			sourceTree = "<group>";
		};
		5002028228A920C6002BEDE0 /* RealLast WatchKit AppTests */ = {
			isa = PBXGroup;
			children = (
				5002028328A920C6002BEDE0 /* RealLast_WatchKit_AppTests.swift */,
			);
			path = "RealLast WatchKit AppTests";
			sourceTree = "<group>";
		};
		5002028C28A920C6002BEDE0 /* RealLast WatchKit AppUITests */ = {
			isa = PBXGroup;
			children = (
				5002028D28A920C6002BEDE0 /* RealLast_WatchKit_AppUITests.swift */,
				5002028F28A920C6002BEDE0 /* RealLast_WatchKit_AppUITestsLaunchTests.swift */,
			);
			path = "RealLast WatchKit AppUITests";
			sourceTree = "<group>";
		};
		502FC86A28A93DFC003D0DE7 /* Frameworks */ = {
			isa = PBXGroup;
			children = (
				502FC86B28A93DFC003D0DE7 /* HealthKit.framework */,
			);
			name = Frameworks;
			sourceTree = "<group>";
		};
/* End PBXGroup section */

/* Begin PBXNativeTarget section */
		5002023128A920C4002BEDE0 /* RealLast */ = {
			isa = PBXNativeTarget;
			buildConfigurationList = 5002029B28A920C6002BEDE0 /* Build configuration list for PBXNativeTarget "RealLast" */;
			buildPhases = (
				5002022E28A920C4002BEDE0 /* Sources */,
				5002022F28A920C4002BEDE0 /* Frameworks */,
				5002023028A920C4002BEDE0 /* Resources */,
				5002029A28A920C6002BEDE0 /* Embed Watch Content */,
			);
			buildRules = (
			);
			dependencies = (
				5002025F28A920C5002BEDE0 /* PBXTargetDependency */,
			);
			name = RealLast;
			productName = RealLast;
			productReference = 5002023228A920C4002BEDE0 /* RealLast.app */;
			productType = "com.apple.product-type.application";
		};
		5002024728A920C5002BEDE0 /* RealLastTests */ = {
			isa = PBXNativeTarget;
			buildConfigurationList = 5002029E28A920C6002BEDE0 /* Build configuration list for PBXNativeTarget "RealLastTests" */;
			buildPhases = (
				5002024428A920C5002BEDE0 /* Sources */,
				5002024528A920C5002BEDE0 /* Frameworks */,
				5002024628A920C5002BEDE0 /* Resources */,
			);
			buildRules = (
			);
			dependencies = (
				5002024A28A920C5002BEDE0 /* PBXTargetDependency */,
			);
			name = RealLastTests;
			productName = RealLastTests;
			productReference = 5002024828A920C5002BEDE0 /* RealLastTests.xctest */;
			productType = "com.apple.product-type.bundle.unit-test";
		};
		5002025128A920C5002BEDE0 /* RealLastUITests */ = {
			isa = PBXNativeTarget;
			buildConfigurationList = 500202A128A920C6002BEDE0 /* Build configuration list for PBXNativeTarget "RealLastUITests" */;
			buildPhases = (
				5002024E28A920C5002BEDE0 /* Sources */,
				5002024F28A920C5002BEDE0 /* Frameworks */,
				5002025028A920C5002BEDE0 /* Resources */,
			);
			buildRules = (
			);
			dependencies = (
				5002025428A920C5002BEDE0 /* PBXTargetDependency */,
			);
			name = RealLastUITests;
			productName = RealLastUITests;
			productReference = 5002025228A920C5002BEDE0 /* RealLastUITests.xctest */;
			productType = "com.apple.product-type.bundle.ui-testing";
		};
		5002025B28A920C5002BEDE0 /* RealLast WatchKit App */ = {
			isa = PBXNativeTarget;
			buildConfigurationList = 5002029728A920C6002BEDE0 /* Build configuration list for PBXNativeTarget "RealLast WatchKit App" */;
			buildPhases = (
				5002025A28A920C5002BEDE0 /* Resources */,
				5002029628A920C6002BEDE0 /* Embed App Extensions */,
			);
			buildRules = (
			);
			dependencies = (
				5002026D28A920C5002BEDE0 /* PBXTargetDependency */,
			);
			name = "RealLast WatchKit App";
			productName = "RealLast WatchKit App";
			productReference = 5002025C28A920C5002BEDE0 /* RealLast WatchKit App.app */;
			productType = "com.apple.product-type.application.watchapp2";
		};
		5002026928A920C5002BEDE0 /* RealLast WatchKit Extension */ = {
			isa = PBXNativeTarget;
			buildConfigurationList = 5002029328A920C6002BEDE0 /* Build configuration list for PBXNativeTarget "RealLast WatchKit Extension" */;
			buildPhases = (
				5002026628A920C5002BEDE0 /* Sources */,
				5002026728A920C5002BEDE0 /* Frameworks */,
				5002026828A920C5002BEDE0 /* Resources */,
			);
			buildRules = (
			);
			dependencies = (
			);
			name = "RealLast WatchKit Extension";
			productName = "RealLast WatchKit Extension";
			productReference = 5002026A28A920C5002BEDE0 /* RealLast WatchKit Extension.appex */;
			productType = "com.apple.product-type.watchkit2-extension";
		};
		5002027E28A920C6002BEDE0 /* RealLast WatchKit AppTests */ = {
			isa = PBXNativeTarget;
			buildConfigurationList = 500202A428A920C6002BEDE0 /* Build configuration list for PBXNativeTarget "RealLast WatchKit AppTests" */;
			buildPhases = (
				5002027B28A920C6002BEDE0 /* Sources */,
				5002027C28A920C6002BEDE0 /* Frameworks */,
				5002027D28A920C6002BEDE0 /* Resources */,
			);
			buildRules = (
			);
			dependencies = (
				5002028128A920C6002BEDE0 /* PBXTargetDependency */,
			);
			name = "RealLast WatchKit AppTests";
			productName = "RealLast WatchKit AppTests";
			productReference = 5002027F28A920C6002BEDE0 /* RealLast WatchKit AppTests.xctest */;
			productType = "com.apple.product-type.bundle.unit-test";
		};
		5002028828A920C6002BEDE0 /* RealLast WatchKit AppUITests */ = {
			isa = PBXNativeTarget;
			buildConfigurationList = 500202A728A920C6002BEDE0 /* Build configuration list for PBXNativeTarget "RealLast WatchKit AppUITests" */;
			buildPhases = (
				5002028528A920C6002BEDE0 /* Sources */,
				5002028628A920C6002BEDE0 /* Frameworks */,
				5002028728A920C6002BEDE0 /* Resources */,
			);
			buildRules = (
			);
			dependencies = (
				5002028B28A920C6002BEDE0 /* PBXTargetDependency */,
			);
			name = "RealLast WatchKit AppUITests";
			productName = "RealLast WatchKit AppUITests";
			productReference = 5002028928A920C6002BEDE0 /* RealLast WatchKit AppUITests.xctest */;
			productType = "com.apple.product-type.bundle.ui-testing";
		};
/* End PBXNativeTarget section */

/* Begin PBXProject section */
		5002022A28A920C4002BEDE0 /* Project object */ = {
			isa = PBXProject;
			attributes = {
				BuildIndependentTargetsInParallel = 1;
				LastSwiftUpdateCheck = 1340;
				LastUpgradeCheck = 1340;
				TargetAttributes = {
					5002023128A920C4002BEDE0 = {
						CreatedOnToolsVersion = 13.4.1;
					};
					5002024728A920C5002BEDE0 = {
						CreatedOnToolsVersion = 13.4.1;
						TestTargetID = 5002023128A920C4002BEDE0;
					};
					5002025128A920C5002BEDE0 = {
						CreatedOnToolsVersion = 13.4.1;
						TestTargetID = 5002023128A920C4002BEDE0;
					};
					5002025B28A920C5002BEDE0 = {
						CreatedOnToolsVersion = 13.4.1;
					};
					5002026928A920C5002BEDE0 = {
						CreatedOnToolsVersion = 13.4.1;
					};
					5002027E28A920C6002BEDE0 = {
						CreatedOnToolsVersion = 13.4.1;
						TestTargetID = 5002026928A920C5002BEDE0;
					};
					5002028828A920C6002BEDE0 = {
						CreatedOnToolsVersion = 13.4.1;
						TestTargetID = 5002025B28A920C5002BEDE0;
					};
				};
			};
			buildConfigurationList = 5002022D28A920C4002BEDE0 /* Build configuration list for PBXProject "RealLast" */;
			compatibilityVersion = "Xcode 13.0";
			developmentRegion = en;
			hasScannedForEncodings = 0;
			knownRegions = (
				en,
				Base,
			);
			mainGroup = 5002022928A920C4002BEDE0;
			productRefGroup = 5002023328A920C4002BEDE0 /* Products */;
			projectDirPath = "";
			projectRoot = "";
			targets = (
				5002023128A920C4002BEDE0 /* RealLast */,
				5002024728A920C5002BEDE0 /* RealLastTests */,
				5002025128A920C5002BEDE0 /* RealLastUITests */,
				5002025B28A920C5002BEDE0 /* RealLast WatchKit App */,
				5002026928A920C5002BEDE0 /* RealLast WatchKit Extension */,
				5002027E28A920C6002BEDE0 /* RealLast WatchKit AppTests */,
				5002028828A920C6002BEDE0 /* RealLast WatchKit AppUITests */,
			);
		};
/* End PBXProject section */

/* Begin PBXResourcesBuildPhase section */
		5002023028A920C4002BEDE0 /* Resources */ = {
			isa = PBXResourcesBuildPhase;
			buildActionMask = 2147483647;
			files = (
				5002024228A920C5002BEDE0 /* LaunchScreen.storyboard in Resources */,
				5002023F28A920C5002BEDE0 /* Assets.xcassets in Resources */,
				5002023D28A920C4002BEDE0 /* Main.storyboard in Resources */,
			);
			runOnlyForDeploymentPostprocessing = 0;
		};
		5002024628A920C5002BEDE0 /* Resources */ = {
			isa = PBXResourcesBuildPhase;
			buildActionMask = 2147483647;
			files = (
			);
			runOnlyForDeploymentPostprocessing = 0;
		};
		5002025028A920C5002BEDE0 /* Resources */ = {
			isa = PBXResourcesBuildPhase;
			buildActionMask = 2147483647;
			files = (
			);
			runOnlyForDeploymentPostprocessing = 0;
		};
		5002025A28A920C5002BEDE0 /* Resources */ = {
			isa = PBXResourcesBuildPhase;
			buildActionMask = 2147483647;
			files = (
				5002026528A920C5002BEDE0 /* Assets.xcassets in Resources */,
				5002026328A920C5002BEDE0 /* Interface.storyboard in Resources */,
			);
			runOnlyForDeploymentPostprocessing = 0;
		};
		5002026828A920C5002BEDE0 /* Resources */ = {
			isa = PBXResourcesBuildPhase;
			buildActionMask = 2147483647;
			files = (
				5002027828A920C6002BEDE0 /* Assets.xcassets in Resources */,
			);
			runOnlyForDeploymentPostprocessing = 0;
		};
		5002027D28A920C6002BEDE0 /* Resources */ = {
			isa = PBXResourcesBuildPhase;
			buildActionMask = 2147483647;
			files = (
			);
			runOnlyForDeploymentPostprocessing = 0;
		};
		5002028728A920C6002BEDE0 /* Resources */ = {
			isa = PBXResourcesBuildPhase;
			buildActionMask = 2147483647;
			files = (
			);
			runOnlyForDeploymentPostprocessing = 0;
		};
/* End PBXResourcesBuildPhase section */

/* Begin PBXSourcesBuildPhase section */
		5002022E28A920C4002BEDE0 /* Sources */ = {
			isa = PBXSourcesBuildPhase;
			buildActionMask = 2147483647;
			files = (
				5002023A28A920C4002BEDE0 /* ViewController.swift in Sources */,
				5002023628A920C4002BEDE0 /* AppDelegate.swift in Sources */,
				5002023828A920C4002BEDE0 /* SceneDelegate.swift in Sources */,
			);
			runOnlyForDeploymentPostprocessing = 0;
		};
		5002024428A920C5002BEDE0 /* Sources */ = {
			isa = PBXSourcesBuildPhase;
			buildActionMask = 2147483647;
			files = (
				5002024D28A920C5002BEDE0 /* RealLastTests.swift in Sources */,
			);
			runOnlyForDeploymentPostprocessing = 0;
		};
		5002024E28A920C5002BEDE0 /* Sources */ = {
			isa = PBXSourcesBuildPhase;
			buildActionMask = 2147483647;
			files = (
				5002025928A920C5002BEDE0 /* RealLastUITestsLaunchTests.swift in Sources */,
				5002025728A920C5002BEDE0 /* RealLastUITests.swift in Sources */,
			);
			runOnlyForDeploymentPostprocessing = 0;
		};
		5002026628A920C5002BEDE0 /* Sources */ = {
			isa = PBXSourcesBuildPhase;
			buildActionMask = 2147483647;
			files = (
				5002027428A920C5002BEDE0 /* NotificationController.swift in Sources */,
				5002027628A920C5002BEDE0 /* ComplicationController.swift in Sources */,
				5002027228A920C5002BEDE0 /* ExtensionDelegate.swift in Sources */,
				5002027028A920C5002BEDE0 /* InterfaceController.swift in Sources */,
			);
			runOnlyForDeploymentPostprocessing = 0;
		};
		5002027B28A920C6002BEDE0 /* Sources */ = {
			isa = PBXSourcesBuildPhase;
			buildActionMask = 2147483647;
			files = (
				5002028428A920C6002BEDE0 /* RealLast_WatchKit_AppTests.swift in Sources */,
			);
			runOnlyForDeploymentPostprocessing = 0;
		};
		5002028528A920C6002BEDE0 /* Sources */ = {
			isa = PBXSourcesBuildPhase;
			buildActionMask = 2147483647;
			files = (
				5002028E28A920C6002BEDE0 /* RealLast_WatchKit_AppUITests.swift in Sources */,
				5002029028A920C6002BEDE0 /* RealLast_WatchKit_AppUITestsLaunchTests.swift in Sources */,
			);
			runOnlyForDeploymentPostprocessing = 0;
		};
/* End PBXSourcesBuildPhase section */

/* Begin PBXTargetDependency section */
		5002024A28A920C5002BEDE0 /* PBXTargetDependency */ = {
			isa = PBXTargetDependency;
			target = 5002023128A920C4002BEDE0 /* RealLast */;
			targetProxy = 5002024928A920C5002BEDE0 /* PBXContainerItemProxy */;
		};
		5002025428A920C5002BEDE0 /* PBXTargetDependency */ = {
			isa = PBXTargetDependency;
			target = 5002023128A920C4002BEDE0 /* RealLast */;
			targetProxy = 5002025328A920C5002BEDE0 /* PBXContainerItemProxy */;
		};
		5002025F28A920C5002BEDE0 /* PBXTargetDependency */ = {
			isa = PBXTargetDependency;
			target = 5002025B28A920C5002BEDE0 /* RealLast WatchKit App */;
			targetProxy = 5002025E28A920C5002BEDE0 /* PBXContainerItemProxy */;
		};
		5002026D28A920C5002BEDE0 /* PBXTargetDependency */ = {
			isa = PBXTargetDependency;
			target = 5002026928A920C5002BEDE0 /* RealLast WatchKit Extension */;
			targetProxy = 5002026C28A920C5002BEDE0 /* PBXContainerItemProxy */;
		};
		5002028128A920C6002BEDE0 /* PBXTargetDependency */ = {
			isa = PBXTargetDependency;
			target = 5002026928A920C5002BEDE0 /* RealLast WatchKit Extension */;
			targetProxy = 5002028028A920C6002BEDE0 /* PBXContainerItemProxy */;
		};
		5002028B28A920C6002BEDE0 /* PBXTargetDependency */ = {
			isa = PBXTargetDependency;
			target = 5002025B28A920C5002BEDE0 /* RealLast WatchKit App */;
			targetProxy = 5002028A28A920C6002BEDE0 /* PBXContainerItemProxy */;
		};
/* End PBXTargetDependency section */

/* Begin PBXVariantGroup section */
		5002023B28A920C4002BEDE0 /* Main.storyboard */ = {
			isa = PBXVariantGroup;
			children = (
				5002023C28A920C4002BEDE0 /* Base */,
			);
			name = Main.storyboard;
			sourceTree = "<group>";
		};
		5002024028A920C5002BEDE0 /* LaunchScreen.storyboard */ = {
			isa = PBXVariantGroup;
			children = (
				5002024128A920C5002BEDE0 /* Base */,
			);
			name = LaunchScreen.storyboard;
			sourceTree = "<group>";
		};
		5002026128A920C5002BEDE0 /* Interface.storyboard */ = {
			isa = PBXVariantGroup;
			children = (
				5002026228A920C5002BEDE0 /* Base */,
			);
			name = Interface.storyboard;
			sourceTree = "<group>";
		};
/* End PBXVariantGroup section */

/* Begin XCBuildConfiguration section */
		5002029128A920C6002BEDE0 /* Debug */ = {
			isa = XCBuildConfiguration;
			buildSettings = {
				ALWAYS_SEARCH_USER_PATHS = NO;
				CLANG_ANALYZER_NONNULL = YES;
				CLANG_ANALYZER_NUMBER_OBJECT_CONVERSION = YES_AGGRESSIVE;
				CLANG_CXX_LANGUAGE_STANDARD = "gnu++17";
				CLANG_ENABLE_MODULES = YES;
				CLANG_ENABLE_OBJC_ARC = YES;
				CLANG_ENABLE_OBJC_WEAK = YES;
				CLANG_WARN_BLOCK_CAPTURE_AUTORELEASING = YES;
				CLANG_WARN_BOOL_CONVERSION = YES;
				CLANG_WARN_COMMA = YES;
				CLANG_WARN_CONSTANT_CONVERSION = YES;
				CLANG_WARN_DEPRECATED_OBJC_IMPLEMENTATIONS = YES;
				CLANG_WARN_DIRECT_OBJC_ISA_USAGE = YES_ERROR;
				CLANG_WARN_DOCUMENTATION_COMMENTS = YES;
				CLANG_WARN_EMPTY_BODY = YES;
				CLANG_WARN_ENUM_CONVERSION = YES;
				CLANG_WARN_INFINITE_RECURSION = YES;
				CLANG_WARN_INT_CONVERSION = YES;
				CLANG_WARN_NON_LITERAL_NULL_CONVERSION = YES;
				CLANG_WARN_OBJC_IMPLICIT_RETAIN_SELF = YES;
				CLANG_WARN_OBJC_LITERAL_CONVERSION = YES;
				CLANG_WARN_OBJC_ROOT_CLASS = YES_ERROR;
				CLANG_WARN_QUOTED_INCLUDE_IN_FRAMEWORK_HEADER = YES;
				CLANG_WARN_RANGE_LOOP_ANALYSIS = YES;
				CLANG_WARN_STRICT_PROTOTYPES = YES;
				CLANG_WARN_SUSPICIOUS_MOVE = YES;
				CLANG_WARN_UNGUARDED_AVAILABILITY = YES_AGGRESSIVE;
				CLANG_WARN_UNREACHABLE_CODE = YES;
				CLANG_WARN__DUPLICATE_METHOD_MATCH = YES;
				COPY_PHASE_STRIP = NO;
				DEBUG_INFORMATION_FORMAT = dwarf;
				ENABLE_STRICT_OBJC_MSGSEND = YES;
				ENABLE_TESTABILITY = YES;
				GCC_C_LANGUAGE_STANDARD = gnu11;
				GCC_DYNAMIC_NO_PIC = NO;
				GCC_NO_COMMON_BLOCKS = YES;
				GCC_OPTIMIZATION_LEVEL = 0;
				GCC_PREPROCESSOR_DEFINITIONS = (
					"DEBUG=1",
					"$(inherited)",
				);
				GCC_WARN_64_TO_32_BIT_CONVERSION = YES;
				GCC_WARN_ABOUT_RETURN_TYPE = YES_ERROR;
				GCC_WARN_UNDECLARED_SELECTOR = YES;
				GCC_WARN_UNINITIALIZED_AUTOS = YES_AGGRESSIVE;
				GCC_WARN_UNUSED_FUNCTION = YES;
				GCC_WARN_UNUSED_VARIABLE = YES;
				MTL_ENABLE_DEBUG_INFO = INCLUDE_SOURCE;
				MTL_FAST_MATH = YES;
				ONLY_ACTIVE_ARCH = YES;
				SWIFT_ACTIVE_COMPILATION_CONDITIONS = DEBUG;
				SWIFT_OPTIMIZATION_LEVEL = "-Onone";
			};
			name = Debug;
		};
		5002029228A920C6002BEDE0 /* Release */ = {
			isa = XCBuildConfiguration;
			buildSettings = {
				ALWAYS_SEARCH_USER_PATHS = NO;
				CLANG_ANALYZER_NONNULL = YES;
				CLANG_ANALYZER_NUMBER_OBJECT_CONVERSION = YES_AGGRESSIVE;
				CLANG_CXX_LANGUAGE_STANDARD = "gnu++17";
				CLANG_ENABLE_MODULES = YES;
				CLANG_ENABLE_OBJC_ARC = YES;
				CLANG_ENABLE_OBJC_WEAK = YES;
				CLANG_WARN_BLOCK_CAPTURE_AUTORELEASING = YES;
				CLANG_WARN_BOOL_CONVERSION = YES;
				CLANG_WARN_COMMA = YES;
				CLANG_WARN_CONSTANT_CONVERSION = YES;
				CLANG_WARN_DEPRECATED_OBJC_IMPLEMENTATIONS = YES;
				CLANG_WARN_DIRECT_OBJC_ISA_USAGE = YES_ERROR;
				CLANG_WARN_DOCUMENTATION_COMMENTS = YES;
				CLANG_WARN_EMPTY_BODY = YES;
				CLANG_WARN_ENUM_CONVERSION = YES;
				CLANG_WARN_INFINITE_RECURSION = YES;
				CLANG_WARN_INT_CONVERSION = YES;
				CLANG_WARN_NON_LITERAL_NULL_CONVERSION = YES;
				CLANG_WARN_OBJC_IMPLICIT_RETAIN_SELF = YES;
				CLANG_WARN_OBJC_LITERAL_CONVERSION = YES;
				CLANG_WARN_OBJC_ROOT_CLASS = YES_ERROR;
				CLANG_WARN_QUOTED_INCLUDE_IN_FRAMEWORK_HEADER = YES;
				CLANG_WARN_RANGE_LOOP_ANALYSIS = YES;
				CLANG_WARN_STRICT_PROTOTYPES = YES;
				CLANG_WARN_SUSPICIOUS_MOVE = YES;
				CLANG_WARN_UNGUARDED_AVAILABILITY = YES_AGGRESSIVE;
				CLANG_WARN_UNREACHABLE_CODE = YES;
				CLANG_WARN__DUPLICATE_METHOD_MATCH = YES;
				COPY_PHASE_STRIP = NO;
				DEBUG_INFORMATION_FORMAT = "dwarf-with-dsym";
				ENABLE_NS_ASSERTIONS = NO;
				ENABLE_STRICT_OBJC_MSGSEND = YES;
				GCC_C_LANGUAGE_STANDARD = gnu11;
				GCC_NO_COMMON_BLOCKS = YES;
				GCC_WARN_64_TO_32_BIT_CONVERSION = YES;
				GCC_WARN_ABOUT_RETURN_TYPE = YES_ERROR;
				GCC_WARN_UNDECLARED_SELECTOR = YES;
				GCC_WARN_UNINITIALIZED_AUTOS = YES_AGGRESSIVE;
				GCC_WARN_UNUSED_FUNCTION = YES;
				GCC_WARN_UNUSED_VARIABLE = YES;
				MTL_ENABLE_DEBUG_INFO = NO;
				MTL_FAST_MATH = YES;
				SWIFT_COMPILATION_MODE = wholemodule;
				SWIFT_OPTIMIZATION_LEVEL = "-O";
			};
			name = Release;
		};
		5002029428A920C6002BEDE0 /* Debug */ = {
			isa = XCBuildConfiguration;
			buildSettings = {
				ASSETCATALOG_COMPILER_COMPLICATION_NAME = Complication;
				CODE_SIGN_ENTITLEMENTS = "RealLast WatchKit Extension/RealLast WatchKit Extension.entitlements";
				CODE_SIGN_STYLE = Automatic;
				CURRENT_PROJECT_VERSION = 1;
				DEVELOPMENT_TEAM = 4378T9JZ4W;
				GENERATE_INFOPLIST_FILE = YES;
				INFOPLIST_FILE = "RealLast WatchKit Extension/Info.plist";
				INFOPLIST_KEY_CFBundleDisplayName = "해머";
				INFOPLIST_KEY_CLKComplicationPrincipalClass = RealLast_WatchKit_Extension.ComplicationController;
				INFOPLIST_KEY_NSHumanReadableCopyright = "";
				INFOPLIST_KEY_WKExtensionDelegateClassName = RealLast_WatchKit_Extension.ExtensionDelegate;
				INFOPLIST_KEY_WKRunsIndependentlyOfCompanionApp = YES;
				LD_RUNPATH_SEARCH_PATHS = (
					"$(inherited)",
					"@executable_path/Frameworks",
					"@executable_path/../../Frameworks",
				);
				MARKETING_VERSION = 1.0;
				PRODUCT_BUNDLE_IDENTIFIER = test.RealLast.watchkitapp.watchkitextension;
				PRODUCT_NAME = "${TARGET_NAME}";
				SDKROOT = watchos;
				SKIP_INSTALL = YES;
				SWIFT_EMIT_LOC_STRINGS = YES;
				SWIFT_VERSION = 5.0;
				TARGETED_DEVICE_FAMILY = 4;
				WATCHOS_DEPLOYMENT_TARGET = 8.5;
			};
			name = Debug;
		};
		5002029528A920C6002BEDE0 /* Release */ = {
			isa = XCBuildConfiguration;
			buildSettings = {
				ASSETCATALOG_COMPILER_COMPLICATION_NAME = Complication;
				CODE_SIGN_ENTITLEMENTS = "RealLast WatchKit Extension/RealLast WatchKit Extension.entitlements";
				CODE_SIGN_STYLE = Automatic;
				CURRENT_PROJECT_VERSION = 1;
				DEVELOPMENT_TEAM = 4378T9JZ4W;
				GENERATE_INFOPLIST_FILE = YES;
				INFOPLIST_FILE = "RealLast WatchKit Extension/Info.plist";
				INFOPLIST_KEY_CFBundleDisplayName = "해머";
				INFOPLIST_KEY_CLKComplicationPrincipalClass = RealLast_WatchKit_Extension.ComplicationController;
				INFOPLIST_KEY_NSHumanReadableCopyright = "";
				INFOPLIST_KEY_WKExtensionDelegateClassName = RealLast_WatchKit_Extension.ExtensionDelegate;
				INFOPLIST_KEY_WKRunsIndependentlyOfCompanionApp = YES;
				LD_RUNPATH_SEARCH_PATHS = (
					"$(inherited)",
					"@executable_path/Frameworks",
					"@executable_path/../../Frameworks",
				);
				MARKETING_VERSION = 1.0;
				PRODUCT_BUNDLE_IDENTIFIER = test.RealLast.watchkitapp.watchkitextension;
				PRODUCT_NAME = "${TARGET_NAME}";
				SDKROOT = watchos;
				SKIP_INSTALL = YES;
				SWIFT_EMIT_LOC_STRINGS = YES;
				SWIFT_VERSION = 5.0;
				TARGETED_DEVICE_FAMILY = 4;
				VALIDATE_PRODUCT = YES;
				WATCHOS_DEPLOYMENT_TARGET = 8.5;
			};
			name = Release;
		};
		5002029828A920C6002BEDE0 /* Debug */ = {
			isa = XCBuildConfiguration;
			buildSettings = {
				ALWAYS_EMBED_SWIFT_STANDARD_LIBRARIES = YES;
				ASSETCATALOG_COMPILER_APPICON_NAME = AppIcon;
				ASSETCATALOG_COMPILER_GLOBAL_ACCENT_COLOR_NAME = AccentColor;
				CODE_SIGN_STYLE = Automatic;
				CURRENT_PROJECT_VERSION = 1;
				DEVELOPMENT_TEAM = 4378T9JZ4W;
				GENERATE_INFOPLIST_FILE = YES;
				IBSC_MODULE = RealLast_WatchKit_Extension;
				INFOPLIST_KEY_CFBundleDisplayName = "RealLast WatchKit App";
				INFOPLIST_KEY_UISupportedInterfaceOrientations = "UIInterfaceOrientationPortrait UIInterfaceOrientationPortraitUpsideDown";
				INFOPLIST_KEY_WKCompanionAppBundleIdentifier = test.RealLast;
				MARKETING_VERSION = 1.0;
				PRODUCT_BUNDLE_IDENTIFIER = test.RealLast.watchkitapp;
				PRODUCT_NAME = "$(TARGET_NAME)";
				SDKROOT = watchos;
				SKIP_INSTALL = YES;
				SWIFT_EMIT_LOC_STRINGS = YES;
				SWIFT_VERSION = 5.0;
				TARGETED_DEVICE_FAMILY = 4;
				WATCHOS_DEPLOYMENT_TARGET = 8.5;
			};
			name = Debug;
		};
		5002029928A920C6002BEDE0 /* Release */ = {
			isa = XCBuildConfiguration;
			buildSettings = {
				ALWAYS_EMBED_SWIFT_STANDARD_LIBRARIES = YES;
				ASSETCATALOG_COMPILER_APPICON_NAME = AppIcon;
				ASSETCATALOG_COMPILER_GLOBAL_ACCENT_COLOR_NAME = AccentColor;
				CODE_SIGN_STYLE = Automatic;
				CURRENT_PROJECT_VERSION = 1;
				DEVELOPMENT_TEAM = 4378T9JZ4W;
				GENERATE_INFOPLIST_FILE = YES;
				IBSC_MODULE = RealLast_WatchKit_Extension;
				INFOPLIST_KEY_CFBundleDisplayName = "RealLast WatchKit App";
				INFOPLIST_KEY_UISupportedInterfaceOrientations = "UIInterfaceOrientationPortrait UIInterfaceOrientationPortraitUpsideDown";
				INFOPLIST_KEY_WKCompanionAppBundleIdentifier = test.RealLast;
				MARKETING_VERSION = 1.0;
				PRODUCT_BUNDLE_IDENTIFIER = test.RealLast.watchkitapp;
				PRODUCT_NAME = "$(TARGET_NAME)";
				SDKROOT = watchos;
				SKIP_INSTALL = YES;
				SWIFT_EMIT_LOC_STRINGS = YES;
				SWIFT_VERSION = 5.0;
				TARGETED_DEVICE_FAMILY = 4;
				VALIDATE_PRODUCT = YES;
				WATCHOS_DEPLOYMENT_TARGET = 8.5;
			};
			name = Release;
		};
		5002029C28A920C6002BEDE0 /* Debug */ = {
			isa = XCBuildConfiguration;
			buildSettings = {
				ASSETCATALOG_COMPILER_APPICON_NAME = AppIcon;
				ASSETCATALOG_COMPILER_GLOBAL_ACCENT_COLOR_NAME = AccentColor;
				CODE_SIGN_STYLE = Automatic;
				CURRENT_PROJECT_VERSION = 1;
				DEVELOPMENT_TEAM = 4378T9JZ4W;
				GENERATE_INFOPLIST_FILE = YES;
				INFOPLIST_FILE = RealLast/Info.plist;
				INFOPLIST_KEY_UIApplicationSupportsIndirectInputEvents = YES;
				INFOPLIST_KEY_UILaunchStoryboardName = LaunchScreen;
				INFOPLIST_KEY_UIMainStoryboardFile = Main;
				INFOPLIST_KEY_UISupportedInterfaceOrientations_iPad = "UIInterfaceOrientationPortrait UIInterfaceOrientationPortraitUpsideDown UIInterfaceOrientationLandscapeLeft UIInterfaceOrientationLandscapeRight";
				INFOPLIST_KEY_UISupportedInterfaceOrientations_iPhone = "UIInterfaceOrientationPortrait UIInterfaceOrientationLandscapeLeft UIInterfaceOrientationLandscapeRight";
				IPHONEOS_DEPLOYMENT_TARGET = 15.5;
				LD_RUNPATH_SEARCH_PATHS = (
					"$(inherited)",
					"@executable_path/Frameworks",
				);
				MARKETING_VERSION = 1.0;
				PRODUCT_BUNDLE_IDENTIFIER = test.RealLast;
				PRODUCT_NAME = "$(TARGET_NAME)";
				SDKROOT = iphoneos;
				SWIFT_EMIT_LOC_STRINGS = YES;
				SWIFT_VERSION = 5.0;
				TARGETED_DEVICE_FAMILY = "1,2";
			};
			name = Debug;
		};
		5002029D28A920C6002BEDE0 /* Release */ = {
			isa = XCBuildConfiguration;
			buildSettings = {
				ASSETCATALOG_COMPILER_APPICON_NAME = AppIcon;
				ASSETCATALOG_COMPILER_GLOBAL_ACCENT_COLOR_NAME = AccentColor;
				CODE_SIGN_STYLE = Automatic;
				CURRENT_PROJECT_VERSION = 1;
				DEVELOPMENT_TEAM = 4378T9JZ4W;
				GENERATE_INFOPLIST_FILE = YES;
				INFOPLIST_FILE = RealLast/Info.plist;
				INFOPLIST_KEY_UIApplicationSupportsIndirectInputEvents = YES;
				INFOPLIST_KEY_UILaunchStoryboardName = LaunchScreen;
				INFOPLIST_KEY_UIMainStoryboardFile = Main;
				INFOPLIST_KEY_UISupportedInterfaceOrientations_iPad = "UIInterfaceOrientationPortrait UIInterfaceOrientationPortraitUpsideDown UIInterfaceOrientationLandscapeLeft UIInterfaceOrientationLandscapeRight";
				INFOPLIST_KEY_UISupportedInterfaceOrientations_iPhone = "UIInterfaceOrientationPortrait UIInterfaceOrientationLandscapeLeft UIInterfaceOrientationLandscapeRight";
				IPHONEOS_DEPLOYMENT_TARGET = 15.5;
				LD_RUNPATH_SEARCH_PATHS = (
					"$(inherited)",
					"@executable_path/Frameworks",
				);
				MARKETING_VERSION = 1.0;
				PRODUCT_BUNDLE_IDENTIFIER = test.RealLast;
				PRODUCT_NAME = "$(TARGET_NAME)";
				SDKROOT = iphoneos;
				SWIFT_EMIT_LOC_STRINGS = YES;
				SWIFT_VERSION = 5.0;
				TARGETED_DEVICE_FAMILY = "1,2";
				VALIDATE_PRODUCT = YES;
			};
			name = Release;
		};
		5002029F28A920C6002BEDE0 /* Debug */ = {
			isa = XCBuildConfiguration;
			buildSettings = {
				ALWAYS_EMBED_SWIFT_STANDARD_LIBRARIES = YES;
				BUNDLE_LOADER = "$(TEST_HOST)";
				CODE_SIGN_STYLE = Automatic;
				CURRENT_PROJECT_VERSION = 1;
				DEVELOPMENT_TEAM = 4378T9JZ4W;
				GENERATE_INFOPLIST_FILE = YES;
				IPHONEOS_DEPLOYMENT_TARGET = 15.5;
				MARKETING_VERSION = 1.0;
				PRODUCT_BUNDLE_IDENTIFIER = test.RealLastTests;
				PRODUCT_NAME = "$(TARGET_NAME)";
				SDKROOT = iphoneos;
				SWIFT_EMIT_LOC_STRINGS = NO;
				SWIFT_VERSION = 5.0;
				TARGETED_DEVICE_FAMILY = "1,2";
				TEST_HOST = "$(BUILT_PRODUCTS_DIR)/RealLast.app/RealLast";
			};
			name = Debug;
		};
		500202A028A920C6002BEDE0 /* Release */ = {
			isa = XCBuildConfiguration;
			buildSettings = {
				ALWAYS_EMBED_SWIFT_STANDARD_LIBRARIES = YES;
				BUNDLE_LOADER = "$(TEST_HOST)";
				CODE_SIGN_STYLE = Automatic;
				CURRENT_PROJECT_VERSION = 1;
				DEVELOPMENT_TEAM = 4378T9JZ4W;
				GENERATE_INFOPLIST_FILE = YES;
				IPHONEOS_DEPLOYMENT_TARGET = 15.5;
				MARKETING_VERSION = 1.0;
				PRODUCT_BUNDLE_IDENTIFIER = test.RealLastTests;
				PRODUCT_NAME = "$(TARGET_NAME)";
				SDKROOT = iphoneos;
				SWIFT_EMIT_LOC_STRINGS = NO;
				SWIFT_VERSION = 5.0;
				TARGETED_DEVICE_FAMILY = "1,2";
				TEST_HOST = "$(BUILT_PRODUCTS_DIR)/RealLast.app/RealLast";
				VALIDATE_PRODUCT = YES;
			};
			name = Release;
		};
		500202A228A920C6002BEDE0 /* Debug */ = {
			isa = XCBuildConfiguration;
			buildSettings = {
				ALWAYS_EMBED_SWIFT_STANDARD_LIBRARIES = YES;
				CODE_SIGN_STYLE = Automatic;
				CURRENT_PROJECT_VERSION = 1;
				DEVELOPMENT_TEAM = 4378T9JZ4W;
				GENERATE_INFOPLIST_FILE = YES;
				IPHONEOS_DEPLOYMENT_TARGET = 15.5;
				MARKETING_VERSION = 1.0;
				PRODUCT_BUNDLE_IDENTIFIER = test.RealLastUITests;
				PRODUCT_NAME = "$(TARGET_NAME)";
				SDKROOT = iphoneos;
				SWIFT_EMIT_LOC_STRINGS = NO;
				SWIFT_VERSION = 5.0;
				TARGETED_DEVICE_FAMILY = "1,2";
				TEST_TARGET_NAME = RealLast;
			};
			name = Debug;
		};
		500202A328A920C6002BEDE0 /* Release */ = {
			isa = XCBuildConfiguration;
			buildSettings = {
				ALWAYS_EMBED_SWIFT_STANDARD_LIBRARIES = YES;
				CODE_SIGN_STYLE = Automatic;
				CURRENT_PROJECT_VERSION = 1;
				DEVELOPMENT_TEAM = 4378T9JZ4W;
				GENERATE_INFOPLIST_FILE = YES;
				IPHONEOS_DEPLOYMENT_TARGET = 15.5;
				MARKETING_VERSION = 1.0;
				PRODUCT_BUNDLE_IDENTIFIER = test.RealLastUITests;
				PRODUCT_NAME = "$(TARGET_NAME)";
				SDKROOT = iphoneos;
				SWIFT_EMIT_LOC_STRINGS = NO;
				SWIFT_VERSION = 5.0;
				TARGETED_DEVICE_FAMILY = "1,2";
				TEST_TARGET_NAME = RealLast;
				VALIDATE_PRODUCT = YES;
			};
			name = Release;
		};
		500202A528A920C6002BEDE0 /* Debug */ = {
			isa = XCBuildConfiguration;
			buildSettings = {
				ALWAYS_EMBED_SWIFT_STANDARD_LIBRARIES = YES;
				BUNDLE_LOADER = "$(TEST_HOST)";
				CODE_SIGN_STYLE = Automatic;
				CURRENT_PROJECT_VERSION = 1;
				DEVELOPMENT_TEAM = 4378T9JZ4W;
				GENERATE_INFOPLIST_FILE = YES;
				MARKETING_VERSION = 1.0;
				PRODUCT_BUNDLE_IDENTIFIER = "test.RealLast-WatchKit-AppTests";
				PRODUCT_NAME = "$(TARGET_NAME)";
				SDKROOT = watchos;
				SWIFT_EMIT_LOC_STRINGS = NO;
				SWIFT_VERSION = 5.0;
				TARGETED_DEVICE_FAMILY = 4;
				TEST_HOST = "$(BUILT_PRODUCTS_DIR)/RealLast WatchKit Extension.appex/RealLast WatchKit Extension";
				WATCHOS_DEPLOYMENT_TARGET = 8.5;
			};
			name = Debug;
		};
		500202A628A920C6002BEDE0 /* Release */ = {
			isa = XCBuildConfiguration;
			buildSettings = {
				ALWAYS_EMBED_SWIFT_STANDARD_LIBRARIES = YES;
				BUNDLE_LOADER = "$(TEST_HOST)";
				CODE_SIGN_STYLE = Automatic;
				CURRENT_PROJECT_VERSION = 1;
				DEVELOPMENT_TEAM = 4378T9JZ4W;
				GENERATE_INFOPLIST_FILE = YES;
				MARKETING_VERSION = 1.0;
				PRODUCT_BUNDLE_IDENTIFIER = "test.RealLast-WatchKit-AppTests";
				PRODUCT_NAME = "$(TARGET_NAME)";
				SDKROOT = watchos;
				SWIFT_EMIT_LOC_STRINGS = NO;
				SWIFT_VERSION = 5.0;
				TARGETED_DEVICE_FAMILY = 4;
				TEST_HOST = "$(BUILT_PRODUCTS_DIR)/RealLast WatchKit Extension.appex/RealLast WatchKit Extension";
				VALIDATE_PRODUCT = YES;
				WATCHOS_DEPLOYMENT_TARGET = 8.5;
			};
			name = Release;
		};
		500202A828A920C6002BEDE0 /* Debug */ = {
			isa = XCBuildConfiguration;
			buildSettings = {
				CODE_SIGN_STYLE = Automatic;
				CURRENT_PROJECT_VERSION = 1;
				DEVELOPMENT_TEAM = 4378T9JZ4W;
				GENERATE_INFOPLIST_FILE = YES;
				MARKETING_VERSION = 1.0;
				PRODUCT_BUNDLE_IDENTIFIER = "test.RealLast-WatchKit-AppUITests";
				PRODUCT_NAME = "$(TARGET_NAME)";
				SDKROOT = watchos;
				SWIFT_EMIT_LOC_STRINGS = NO;
				SWIFT_VERSION = 5.0;
				TARGETED_DEVICE_FAMILY = 4;
				TEST_TARGET_NAME = "RealLast WatchKit App";
				WATCHOS_DEPLOYMENT_TARGET = 8.5;
			};
			name = Debug;
		};
		500202A928A920C6002BEDE0 /* Release */ = {
			isa = XCBuildConfiguration;
			buildSettings = {
				CODE_SIGN_STYLE = Automatic;
				CURRENT_PROJECT_VERSION = 1;
				DEVELOPMENT_TEAM = 4378T9JZ4W;
				GENERATE_INFOPLIST_FILE = YES;
				MARKETING_VERSION = 1.0;
				PRODUCT_BUNDLE_IDENTIFIER = "test.RealLast-WatchKit-AppUITests";
				PRODUCT_NAME = "$(TARGET_NAME)";
				SDKROOT = watchos;
				SWIFT_EMIT_LOC_STRINGS = NO;
				SWIFT_VERSION = 5.0;
				TARGETED_DEVICE_FAMILY = 4;
				TEST_TARGET_NAME = "RealLast WatchKit App";
				VALIDATE_PRODUCT = YES;
				WATCHOS_DEPLOYMENT_TARGET = 8.5;
			};
			name = Release;
		};
/* End XCBuildConfiguration section */

/* Begin XCConfigurationList section */
		5002022D28A920C4002BEDE0 /* Build configuration list for PBXProject "RealLast" */ = {
			isa = XCConfigurationList;
			buildConfigurations = (
				5002029128A920C6002BEDE0 /* Debug */,
				5002029228A920C6002BEDE0 /* Release */,
			);
			defaultConfigurationIsVisible = 0;
			defaultConfigurationName = Release;
		};
		5002029328A920C6002BEDE0 /* Build configuration list for PBXNativeTarget "RealLast WatchKit Extension" */ = {
			isa = XCConfigurationList;
			buildConfigurations = (
				5002029428A920C6002BEDE0 /* Debug */,
				5002029528A920C6002BEDE0 /* Release */,
			);
			defaultConfigurationIsVisible = 0;
			defaultConfigurationName = Release;
		};
		5002029728A920C6002BEDE0 /* Build configuration list for PBXNativeTarget "RealLast WatchKit App" */ = {
			isa = XCConfigurationList;
			buildConfigurations = (
				5002029828A920C6002BEDE0 /* Debug */,
				5002029928A920C6002BEDE0 /* Release */,
			);
			defaultConfigurationIsVisible = 0;
			defaultConfigurationName = Release;
		};
		5002029B28A920C6002BEDE0 /* Build configuration list for PBXNativeTarget "RealLast" */ = {
			isa = XCConfigurationList;
			buildConfigurations = (
				5002029C28A920C6002BEDE0 /* Debug */,
				5002029D28A920C6002BEDE0 /* Release */,
			);
			defaultConfigurationIsVisible = 0;
			defaultConfigurationName = Release;
		};
		5002029E28A920C6002BEDE0 /* Build configuration list for PBXNativeTarget "RealLastTests" */ = {
			isa = XCConfigurationList;
			buildConfigurations = (
				5002029F28A920C6002BEDE0 /* Debug */,
				500202A028A920C6002BEDE0 /* Release */,
			);
			defaultConfigurationIsVisible = 0;
			defaultConfigurationName = Release;
		};
		500202A128A920C6002BEDE0 /* Build configuration list for PBXNativeTarget "RealLastUITests" */ = {
			isa = XCConfigurationList;
			buildConfigurations = (
				500202A228A920C6002BEDE0 /* Debug */,
				500202A328A920C6002BEDE0 /* Release */,
			);
			defaultConfigurationIsVisible = 0;
			defaultConfigurationName = Release;
		};
		500202A428A920C6002BEDE0 /* Build configuration list for PBXNativeTarget "RealLast WatchKit AppTests" */ = {
			isa = XCConfigurationList;
			buildConfigurations = (
				500202A528A920C6002BEDE0 /* Debug */,
				500202A628A920C6002BEDE0 /* Release */,
			);
			defaultConfigurationIsVisible = 0;
			defaultConfigurationName = Release;
		};
		500202A728A920C6002BEDE0 /* Build configuration list for PBXNativeTarget "RealLast WatchKit AppUITests" */ = {
			isa = XCConfigurationList;
			buildConfigurations = (
				500202A828A920C6002BEDE0 /* Debug */,
				500202A928A920C6002BEDE0 /* Release */,
			);
			defaultConfigurationIsVisible = 0;
			defaultConfigurationName = Release;
		};
/* End XCConfigurationList section */
	};
	rootObject = 5002022A28A920C4002BEDE0 /* Project object */;
}
